
Microsoft Visual Studio Solution File, Format Version 12.00
# Visual Studio Version 17
VisualStudioVersion = 17.8.34322.80
MinimumVisualStudioVersion = 10.0.40219.1
Project("{FAE04EC0-301F-11D3-BF4B-00C04F79EFBC}") = "ListaVetoresTI46", "ListaVetoresTI46\ListaVetoresTI46.csproj", "{7A4D66D5-25BF-4F0A-A25F-4DC6A96AEDBC}"
EndProject
Global
	GlobalSection(SolutionConfigurationPlatforms) = preSolution
		Debug|Any CPU = Debug|Any CPU
		Release|Any CPU = Release|Any CPU
	EndGlobalSection
	GlobalSection(ProjectConfigurationPlatforms) = postSolution
		{7A4D66D5-25BF-4F0A-A25F-4DC6A96AEDBC}.Debug|Any CPU.ActiveCfg = Debug|Any CPU
		{7A4D66D5-25BF-4F0A-A25F-4DC6A96AEDBC}.Debug|Any CPU.Build.0 = Debug|Any CPU
		{7A4D66D5-25BF-4F0A-A25F-4DC6A96AEDBC}.Release|Any CPU.ActiveCfg = Release|Any CPU
		{7A4D66D5-25BF-4F0A-A25F-4DC6A96AEDBC}.Release|Any CPU.Build.0 = Release|Any CPU
	EndGlobalSection
	GlobalSection(SolutionProperties) = preSolution
		HideSolutionNode = FALSE
	EndGlobalSection
	GlobalSection(ExtensibilityGlobals) = postSolution
		SolutionGuid = {3D2609BB-10E5-4D6A-9E21-08DEA684C1ED}
	EndGlobalSection
EndGlobal
